
Microsoft Visual Studio Solution File, Format Version 12.00
# Visual Studio Version 16
VisualStudioVersion = 16.0.31702.278
MinimumVisualStudioVersion = 10.0.40219.1
Project("{2150E333-8FDC-42A3-9474-1A3956D46DE8}") = "02", "02", "{A65BD112-2CB6-4BE0-B093-5A09FB8DF7DC}"
EndProject
Project("{8BC9CEB8-8B4A-11D0-8D11-00A0C91BC942}") = "ClientApp", "02\ClientApp\ClientApp.vcxproj", "{1CAF9804-40CB-46F4-A405-B14829499E15}"
EndProject
Project("{8BC9CEB8-8B4A-11D0-8D11-00A0C91BC942}") = "HyperDriver", "02\HyperDriver\HyperDriver.vcxproj", "{9971C4DD-22F0-48AA-90AE-F35D5E6EE83B}"
EndProject
Project("{2150E333-8FDC-42A3-9474-1A3956D46DE8}") = "03", "03", "{05DFC8DB-FBB9-4EFC-A261-4644AAE8051C}"
EndProject
Project("{8BC9CEB8-8B4A-11D0-8D11-00A0C91BC942}") = "HyperDriver", "03\HyperDriver\HyperDriver.vcxproj", "{1CB93B3E-5BBC-48EC-B5E6-261C68F8700C}"
EndProject
Project("{8BC9CEB8-8B4A-11D0-8D11-00A0C91BC942}") = "ClientApp", "03\ClientApp\ClientApp.vcxproj", "{707038B7-7926-40A6-972F-AF5FF8C33CA3}"
EndProject
Project("{2150E333-8FDC-42A3-9474-1A3956D46DE8}") = "04", "04", "{E3F5860B-BB8F-4C17-9D45-7AB8842A57D6}"
EndProject
Project("{8BC9CEB8-8B4A-11D0-8D11-00A0C91BC942}") = "HyperDriver", "04\HyperDriver\HyperDriver.vcxproj", "{FC6257FA-78B6-41D5-BE5E-2E4402D3F91D}"
EndProject
Project("{2150E333-8FDC-42A3-9474-1A3956D46DE8}") = "05", "05", "{463B1E23-4717-428C-9F65-FD4017143C60}"
EndProject
Project("{8BC9CEB8-8B4A-11D0-8D11-00A0C91BC942}") = "HyperDriver", "05\HyperDriver\HyperDriver.vcxproj", "{D768EA65-DA90-4D8C-B7B9-8B44F19B8ACA}"
EndProject
Project("{8BC9CEB8-8B4A-11D0-8D11-00A0C91BC942}") = "ClientApp", "05\ClientApp\ClientApp.vcxproj", "{5DE27D83-8749-4FA7-BDE7-EC8D136FD259}"
EndProject
Project("{2150E333-8FDC-42A3-9474-1A3956D46DE8}") = "06", "06", "{4A46073A-6ED7-4482-8C92-FEF74E0AA102}"
EndProject
Project("{8BC9CEB8-8B4A-11D0-8D11-00A0C91BC942}") = "ClientApp", "06\ClientApp\ClientApp.vcxproj", "{2F6D9892-460D-4BB0-AF95-5AA456F6677B}"
EndProject
Project("{8BC9CEB8-8B4A-11D0-8D11-00A0C91BC942}") = "HyperDriver", "06\HyperDriver\HyperDriver.vcxproj", "{232B1D1C-AFD8-44D1-8CF3-16275DCE4778}"
EndProject
Global
	GlobalSection(SolutionConfigurationPlatforms) = preSolution
		Debug|ARM = Debug|ARM
		Debug|ARM64 = Debug|ARM64
		Debug|x64 = Debug|x64
		Debug|x86 = Debug|x86
		Release|ARM = Release|ARM
		Release|ARM64 = Release|ARM64
		Release|x64 = Release|x64
		Release|x86 = Release|x86
	EndGlobalSection
	GlobalSection(ProjectConfigurationPlatforms) = postSolution
		{1CAF9804-40CB-46F4-A405-B14829499E15}.Debug|ARM.ActiveCfg = Debug|Win32
		{1CAF9804-40CB-46F4-A405-B14829499E15}.Debug|ARM64.ActiveCfg = Debug|Win32
		{1CAF9804-40CB-46F4-A405-B14829499E15}.Debug|x64.ActiveCfg = Debug|x64
		{1CAF9804-40CB-46F4-A405-B14829499E15}.Debug|x64.Build.0 = Debug|x64
		{1CAF9804-40CB-46F4-A405-B14829499E15}.Debug|x86.ActiveCfg = Debug|Win32
		{1CAF9804-40CB-46F4-A405-B14829499E15}.Debug|x86.Build.0 = Debug|Win32
		{1CAF9804-40CB-46F4-A405-B14829499E15}.Release|ARM.ActiveCfg = Release|Win32
		{1CAF9804-40CB-46F4-A405-B14829499E15}.Release|ARM64.ActiveCfg = Release|Win32
		{1CAF9804-40CB-46F4-A405-B14829499E15}.Release|x64.ActiveCfg = Release|x64
		{1CAF9804-40CB-46F4-A405-B14829499E15}.Release|x64.Build.0 = Release|x64
		{1CAF9804-40CB-46F4-A405-B14829499E15}.Release|x86.ActiveCfg = Release|Win32
		{1CAF9804-40CB-46F4-A405-B14829499E15}.Release|x86.Build.0 = Release|Win32
		{9971C4DD-22F0-48AA-90AE-F35D5E6EE83B}.Debug|ARM.ActiveCfg = Debug|ARM
		{9971C4DD-22F0-48AA-90AE-F35D5E6EE83B}.Debug|ARM.Build.0 = Debug|ARM
		{9971C4DD-22F0-48AA-90AE-F35D5E6EE83B}.Debug|ARM.Deploy.0 = Debug|ARM
		{9971C4DD-22F0-48AA-90AE-F35D5E6EE83B}.Debug|ARM64.ActiveCfg = Debug|ARM64
		{9971C4DD-22F0-48AA-90AE-F35D5E6EE83B}.Debug|ARM64.Build.0 = Debug|ARM64
		{9971C4DD-22F0-48AA-90AE-F35D5E6EE83B}.Debug|ARM64.Deploy.0 = Debug|ARM64
		{9971C4DD-22F0-48AA-90AE-F35D5E6EE83B}.Debug|x64.ActiveCfg = Debug|x64
		{9971C4DD-22F0-48AA-90AE-F35D5E6EE83B}.Debug|x64.Build.0 = Debug|x64
		{9971C4DD-22F0-48AA-90AE-F35D5E6EE83B}.Debug|x64.Deploy.0 = Debug|x64
		{9971C4DD-22F0-48AA-90AE-F35D5E6EE83B}.Debug|x86.ActiveCfg = Debug|Win32
		{9971C4DD-22F0-48AA-90AE-F35D5E6EE83B}.Debug|x86.Build.0 = Debug|Win32
		{9971C4DD-22F0-48AA-90AE-F35D5E6EE83B}.Debug|x86.Deploy.0 = Debug|Win32
		{9971C4DD-22F0-48AA-90AE-F35D5E6EE83B}.Release|ARM.ActiveCfg = Release|ARM
		{9971C4DD-22F0-48AA-90AE-F35D5E6EE83B}.Release|ARM.Build.0 = Release|ARM
		{9971C4DD-22F0-48AA-90AE-F35D5E6EE83B}.Release|ARM.Deploy.0 = Release|ARM
		{9971C4DD-22F0-48AA-90AE-F35D5E6EE83B}.Release|ARM64.ActiveCfg = Release|ARM64
		{9971C4DD-22F0-48AA-90AE-F35D5E6EE83B}.Release|ARM64.Build.0 = Release|ARM64
		{9971C4DD-22F0-48AA-90AE-F35D5E6EE83B}.Release|ARM64.Deploy.0 = Release|ARM64
		{9971C4DD-22F0-48AA-90AE-F35D5E6EE83B}.Release|x64.ActiveCfg = Release|x64
		{9971C4DD-22F0-48AA-90AE-F35D5E6EE83B}.Release|x64.Build.0 = Release|x64
		{9971C4DD-22F0-48AA-90AE-F35D5E6EE83B}.Release|x64.Deploy.0 = Release|x64
		{9971C4DD-22F0-48AA-90AE-F35D5E6EE83B}.Release|x86.ActiveCfg = Release|Win32
		{9971C4DD-22F0-48AA-90AE-F35D5E6EE83B}.Release|x86.Build.0 = Release|Win32
		{9971C4DD-22F0-48AA-90AE-F35D5E6EE83B}.Release|x86.Deploy.0 = Release|Win32
		{1CB93B3E-5BBC-48EC-B5E6-261C68F8700C}.Debug|ARM.ActiveCfg = Debug|ARM
		{1CB93B3E-5BBC-48EC-B5E6-261C68F8700C}.Debug|ARM.Build.0 = Debug|ARM
		{1CB93B3E-5BBC-48EC-B5E6-261C68F8700C}.Debug|ARM.Deploy.0 = Debug|ARM
		{1CB93B3E-5BBC-48EC-B5E6-261C68F8700C}.Debug|ARM64.ActiveCfg = Debug|ARM64
		{1CB93B3E-5BBC-48EC-B5E6-261C68F8700C}.Debug|ARM64.Build.0 = Debug|ARM64
		{1CB93B3E-5BBC-48EC-B5E6-261C68F8700C}.Debug|ARM64.Deploy.0 = Debug|ARM64
		{1CB93B3E-5BBC-48EC-B5E6-261C68F8700C}.Debug|x64.ActiveCfg = Debug|x64
		{1CB93B3E-5BBC-48EC-B5E6-261C68F8700C}.Debug|x64.Build.0 = Debug|x64
		{1CB93B3E-5BBC-48EC-B5E6-261C68F8700C}.Debug|x64.Deploy.0 = Debug|x64
		{1CB93B3E-5BBC-48EC-B5E6-261C68F8700C}.Debug|x86.ActiveCfg = Debug|Win32
		{1CB93B3E-5BBC-48EC-B5E6-261C68F8700C}.Debug|x86.Build.0 = Debug|Win32
		{1CB93B3E-5BBC-48EC-B5E6-261C68F8700C}.Debug|x86.Deploy.0 = Debug|Win32
		{1CB93B3E-5BBC-48EC-B5E6-261C68F8700C}.Release|ARM.ActiveCfg = Release|ARM
		{1CB93B3E-5BBC-48EC-B5E6-261C68F8700C}.Release|ARM.Build.0 = Release|ARM
		{1CB93B3E-5BBC-48EC-B5E6-261C68F8700C}.Release|ARM.Deploy.0 = Release|ARM
		{1CB93B3E-5BBC-48EC-B5E6-261C68F8700C}.Release|ARM64.ActiveCfg = Release|ARM64
		{1CB93B3E-5BBC-48EC-B5E6-261C68F8700C}.Release|ARM64.Build.0 = Release|ARM64
		{1CB93B3E-5BBC-48EC-B5E6-261C68F8700C}.Release|ARM64.Deploy.0 = Release|ARM64
		{1CB93B3E-5BBC-48EC-B5E6-261C68F8700C}.Release|x64.ActiveCfg = Release|x64
		{1CB93B3E-5BBC-48EC-B5E6-261C68F8700C}.Release|x64.Build.0 = Release|x64
		{1CB93B3E-5BBC-48EC-B5E6-261C68F8700C}.Release|x64.Deploy.0 = Release|x64
		{1CB93B3E-5BBC-48EC-B5E6-261C68F8700C}.Release|x86.ActiveCfg = Release|Win32
		{1CB93B3E-5BBC-48EC-B5E6-261C68F8700C}.Release|x86.Build.0 = Release|Win32
		{1CB93B3E-5BBC-48EC-B5E6-261C68F8700C}.Release|x86.Deploy.0 = Release|Win32
		{707038B7-7926-40A6-972F-AF5FF8C33CA3}.Debug|ARM.ActiveCfg = Debug|Win32
		{707038B7-7926-40A6-972F-AF5FF8C33CA3}.Debug|ARM64.ActiveCfg = Debug|Win32
		{707038B7-7926-40A6-972F-AF5FF8C33CA3}.Debug|x64.ActiveCfg = Debug|x64
		{707038B7-7926-40A6-972F-AF5FF8C33CA3}.Debug|x64.Build.0 = Debug|x64
		{707038B7-7926-40A6-972F-AF5FF8C33CA3}.Debug|x86.ActiveCfg = Debug|Win32
		{707038B7-7926-40A6-972F-AF5FF8C33CA3}.Debug|x86.Build.0 = Debug|Win32
		{707038B7-7926-40A6-972F-AF5FF8C33CA3}.Release|ARM.ActiveCfg = Release|Win32
		{707038B7-7926-40A6-972F-AF5FF8C33CA3}.Release|ARM64.ActiveCfg = Release|Win32
		{707038B7-7926-40A6-972F-AF5FF8C33CA3}.Release|x64.ActiveCfg = Release|x64
		{707038B7-7926-40A6-972F-AF5FF8C33CA3}.Release|x64.Build.0 = Release|x64
		{707038B7-7926-40A6-972F-AF5FF8C33CA3}.Release|x86.ActiveCfg = Release|Win32
		{707038B7-7926-40A6-972F-AF5FF8C33CA3}.Release|x86.Build.0 = Release|Win32
		{FC6257FA-78B6-41D5-BE5E-2E4402D3F91D}.Debug|ARM.ActiveCfg = Debug|ARM
		{FC6257FA-78B6-41D5-BE5E-2E4402D3F91D}.Debug|ARM.Build.0 = Debug|ARM
		{FC6257FA-78B6-41D5-BE5E-2E4402D3F91D}.Debug|ARM.Deploy.0 = Debug|ARM
		{FC6257FA-78B6-41D5-BE5E-2E4402D3F91D}.Debug|ARM64.ActiveCfg = Debug|ARM64
		{FC6257FA-78B6-41D5-BE5E-2E4402D3F91D}.Debug|ARM64.Build.0 = Debug|ARM64
		{FC6257FA-78B6-41D5-BE5E-2E4402D3F91D}.Debug|ARM64.Deploy.0 = Debug|ARM64
		{FC6257FA-78B6-41D5-BE5E-2E4402D3F91D}.Debug|x64.ActiveCfg = Debug|x64
		{FC6257FA-78B6-41D5-BE5E-2E4402D3F91D}.Debug|x64.Build.0 = Debug|x64
		{FC6257FA-78B6-41D5-BE5E-2E4402D3F91D}.Debug|x64.Deploy.0 = Debug|x64
		{FC6257FA-78B6-41D5-BE5E-2E4402D3F91D}.Debug|x86.ActiveCfg = Debug|Win32
		{FC6257FA-78B6-41D5-BE5E-2E4402D3F91D}.Debug|x86.Build.0 = Debug|Win32
		{FC6257FA-78B6-41D5-BE5E-2E4402D3F91D}.Debug|x86.Deploy.0 = Debug|Win32
		{FC6257FA-78B6-41D5-BE5E-2E4402D3F91D}.Release|ARM.ActiveCfg = Release|ARM
		{FC6257FA-78B6-41D5-BE5E-2E4402D3F91D}.Release|ARM.Build.0 = Release|ARM
		{FC6257FA-78B6-41D5-BE5E-2E4402D3F91D}.Release|ARM.Deploy.0 = Release|ARM
		{FC6257FA-78B6-41D5-BE5E-2E4402D3F91D}.Release|ARM64.ActiveCfg = Release|ARM64
		{FC6257FA-78B6-41D5-BE5E-2E4402D3F91D}.Release|ARM64.Build.0 = Release|ARM64
		{FC6257FA-78B6-41D5-BE5E-2E4402D3F91D}.Release|ARM64.Deploy.0 = Release|ARM64
		{FC6257FA-78B6-41D5-BE5E-2E4402D3F91D}.Release|x64.ActiveCfg = Release|x64
		{FC6257FA-78B6-41D5-BE5E-2E4402D3F91D}.Release|x64.Build.0 = Release|x64
		{FC6257FA-78B6-41D5-BE5E-2E4402D3F91D}.Release|x64.Deploy.0 = Release|x64
		{FC6257FA-78B6-41D5-BE5E-2E4402D3F91D}.Release|x86.ActiveCfg = Release|Win32
		{FC6257FA-78B6-41D5-BE5E-2E4402D3F91D}.Release|x86.Build.0 = Release|Win32
		{FC6257FA-78B6-41D5-BE5E-2E4402D3F91D}.Release|x86.Deploy.0 = Release|Win32
		{D768EA65-DA90-4D8C-B7B9-8B44F19B8ACA}.Debug|ARM.ActiveCfg = Debug|ARM
		{D768EA65-DA90-4D8C-B7B9-8B44F19B8ACA}.Debug|ARM.Build.0 = Debug|ARM
		{D768EA65-DA90-4D8C-B7B9-8B44F19B8ACA}.Debug|ARM.Deploy.0 = Debug|ARM
		{D768EA65-DA90-4D8C-B7B9-8B44F19B8ACA}.Debug|ARM64.ActiveCfg = Debug|ARM64
		{D768EA65-DA90-4D8C-B7B9-8B44F19B8ACA}.Debug|ARM64.Build.0 = Debug|ARM64
		{D768EA65-DA90-4D8C-B7B9-8B44F19B8ACA}.Debug|ARM64.Deploy.0 = Debug|ARM64
		{D768EA65-DA90-4D8C-B7B9-8B44F19B8ACA}.Debug|x64.ActiveCfg = Debug|x64
		{D768EA65-DA90-4D8C-B7B9-8B44F19B8ACA}.Debug|x64.Build.0 = Debug|x64
		{D768EA65-DA90-4D8C-B7B9-8B44F19B8ACA}.Debug|x64.Deploy.0 = Debug|x64
		{D768EA65-DA90-4D8C-B7B9-8B44F19B8ACA}.Debug|x86.ActiveCfg = Debug|Win32
		{D768EA65-DA90-4D8C-B7B9-8B44F19B8ACA}.Debug|x86.Build.0 = Debug|Win32
		{D768EA65-DA90-4D8C-B7B9-8B44F19B8ACA}.Debug|x86.Deploy.0 = Debug|Win32
		{D768EA65-DA90-4D8C-B7B9-8B44F19B8ACA}.Release|ARM.ActiveCfg = Release|ARM
		{D768EA65-DA90-4D8C-B7B9-8B44F19B8ACA}.Release|ARM.Build.0 = Release|ARM
		{D768EA65-DA90-4D8C-B7B9-8B44F19B8ACA}.Release|ARM.Deploy.0 = Release|ARM
		{D768EA65-DA90-4D8C-B7B9-8B44F19B8ACA}.Release|ARM64.ActiveCfg = Release|ARM64
		{D768EA65-DA90-4D8C-B7B9-8B44F19B8ACA}.Release|ARM64.Build.0 = Release|ARM64
		{D768EA65-DA90-4D8C-B7B9-8B44F19B8ACA}.Release|ARM64.Deploy.0 = Release|ARM64
		{D768EA65-DA90-4D8C-B7B9-8B44F19B8ACA}.Release|x64.ActiveCfg = Release|x64
		{D768EA65-DA90-4D8C-B7B9-8B44F19B8ACA}.Release|x64.Build.0 = Release|x64
		{D768EA65-DA90-4D8C-B7B9-8B44F19B8ACA}.Release|x64.Deploy.0 = Release|x64
		{D768EA65-DA90-4D8C-B7B9-8B44F19B8ACA}.Release|x86.ActiveCfg = Release|Win32
		{D768EA65-DA90-4D8C-B7B9-8B44F19B8ACA}.Release|x86.Build.0 = Release|Win32
		{D768EA65-DA90-4D8C-B7B9-8B44F19B8ACA}.Release|x86.Deploy.0 = Release|Win32
		{5DE27D83-8749-4FA7-BDE7-EC8D136FD259}.Debug|ARM.ActiveCfg = Debug|Win32
		{5DE27D83-8749-4FA7-BDE7-EC8D136FD259}.Debug|ARM64.ActiveCfg = Debug|Win32
		{5DE27D83-8749-4FA7-BDE7-EC8D136FD259}.Debug|x64.ActiveCfg = Debug|x64
		{5DE27D83-8749-4FA7-BDE7-EC8D136FD259}.Debug|x64.Build.0 = Debug|x64
		{5DE27D83-8749-4FA7-BDE7-EC8D136FD259}.Debug|x86.ActiveCfg = Debug|Win32
		{5DE27D83-8749-4FA7-BDE7-EC8D136FD259}.Debug|x86.Build.0 = Debug|Win32
		{5DE27D83-8749-4FA7-BDE7-EC8D136FD259}.Release|ARM.ActiveCfg = Release|Win32
		{5DE27D83-8749-4FA7-BDE7-EC8D136FD259}.Release|ARM64.ActiveCfg = Release|Win32
		{5DE27D83-8749-4FA7-BDE7-EC8D136FD259}.Release|x64.ActiveCfg = Release|x64
		{5DE27D83-8749-4FA7-BDE7-EC8D136FD259}.Release|x64.Build.0 = Release|x64
		{5DE27D83-8749-4FA7-BDE7-EC8D136FD259}.Release|x86.ActiveCfg = Release|Win32
		{5DE27D83-8749-4FA7-BDE7-EC8D136FD259}.Release|x86.Build.0 = Release|Win32
		{2F6D9892-460D-4BB0-AF95-5AA456F6677B}.Debug|ARM.ActiveCfg = Debug|Win32
		{2F6D9892-460D-4BB0-AF95-5AA456F6677B}.Debug|ARM64.ActiveCfg = Debug|Win32
		{2F6D9892-460D-4BB0-AF95-5AA456F6677B}.Debug|x64.ActiveCfg = Debug|x64
		{2F6D9892-460D-4BB0-AF95-5AA456F6677B}.Debug|x64.Build.0 = Debug|x64
		{2F6D9892-460D-4BB0-AF95-5AA456F6677B}.Debug|x86.ActiveCfg = Debug|Win32
		{2F6D9892-460D-4BB0-AF95-5AA456F6677B}.Debug|x86.Build.0 = Debug|Win32
		{2F6D9892-460D-4BB0-AF95-5AA456F6677B}.Release|ARM.ActiveCfg = Release|Win32
		{2F6D9892-460D-4BB0-AF95-5AA456F6677B}.Release|ARM64.ActiveCfg = Release|Win32
		{2F6D9892-460D-4BB0-AF95-5AA456F6677B}.Release|x64.ActiveCfg = Release|x64
		{2F6D9892-460D-4BB0-AF95-5AA456F6677B}.Release|x64.Build.0 = Release|x64
		{2F6D9892-460D-4BB0-AF95-5AA456F6677B}.Release|x86.ActiveCfg = Release|Win32
		{2F6D9892-460D-4BB0-AF95-5AA456F6677B}.Release|x86.Build.0 = Release|Win32
		{232B1D1C-AFD8-44D1-8CF3-16275DCE4778}.Debug|ARM.ActiveCfg = Debug|ARM
		{232B1D1C-AFD8-44D1-8CF3-16275DCE4778}.Debug|ARM.Build.0 = Debug|ARM
		{232B1D1C-AFD8-44D1-8CF3-16275DCE4778}.Debug|ARM.Deploy.0 = Debug|ARM
		{232B1D1C-AFD8-44D1-8CF3-16275DCE4778}.Debug|ARM64.ActiveCfg = Debug|ARM64
		{232B1D1C-AFD8-44D1-8CF3-16275DCE4778}.Debug|ARM64.Build.0 = Debug|ARM64
		{232B1D1C-AFD8-44D1-8CF3-16275DCE4778}.Debug|ARM64.Deploy.0 = Debug|ARM64
		{232B1D1C-AFD8-44D1-8CF3-16275DCE4778}.Debug|x64.ActiveCfg = Debug|x64
		{232B1D1C-AFD8-44D1-8CF3-16275DCE4778}.Debug|x64.Build.0 = Debug|x64
		{232B1D1C-AFD8-44D1-8CF3-16275DCE4778}.Debug|x64.Deploy.0 = Debug|x64
		{232B1D1C-AFD8-44D1-8CF3-16275DCE4778}.Debug|x86.ActiveCfg = Debug|Win32
		{232B1D1C-AFD8-44D1-8CF3-16275DCE4778}.Debug|x86.Build.0 = Debug|Win32
		{232B1D1C-AFD8-44D1-8CF3-16275DCE4778}.Debug|x86.Deploy.0 = Debug|Win32
		{232B1D1C-AFD8-44D1-8CF3-16275DCE4778}.Release|ARM.ActiveCfg = Release|ARM
		{232B1D1C-AFD8-44D1-8CF3-16275DCE4778}.Release|ARM.Build.0 = Release|ARM
		{232B1D1C-AFD8-44D1-8CF3-16275DCE4778}.Release|ARM.Deploy.0 = Release|ARM
		{232B1D1C-AFD8-44D1-8CF3-16275DCE4778}.Release|ARM64.ActiveCfg = Release|ARM64
		{232B1D1C-AFD8-44D1-8CF3-16275DCE4778}.Release|ARM64.Build.0 = Release|ARM64
		{232B1D1C-AFD8-44D1-8CF3-16275DCE4778}.Release|ARM64.Deploy.0 = Release|ARM64
		{232B1D1C-AFD8-44D1-8CF3-16275DCE4778}.Release|x64.ActiveCfg = Release|x64
		{232B1D1C-AFD8-44D1-8CF3-16275DCE4778}.Release|x64.Build.0 = Release|x64
		{232B1D1C-AFD8-44D1-8CF3-16275DCE4778}.Release|x64.Deploy.0 = Release|x64
		{232B1D1C-AFD8-44D1-8CF3-16275DCE4778}.Release|x86.ActiveCfg = Release|Win32
		{232B1D1C-AFD8-44D1-8CF3-16275DCE4778}.Release|x86.Build.0 = Release|Win32
		{232B1D1C-AFD8-44D1-8CF3-16275DCE4778}.Release|x86.Deploy.0 = Release|Win32
	EndGlobalSection
	GlobalSection(SolutionProperties) = preSolution
		HideSolutionNode = FALSE
	EndGlobalSection
	GlobalSection(NestedProjects) = preSolution
		{1CAF9804-40CB-46F4-A405-B14829499E15} = {A65BD112-2CB6-4BE0-B093-5A09FB8DF7DC}
		{9971C4DD-22F0-48AA-90AE-F35D5E6EE83B} = {A65BD112-2CB6-4BE0-B093-5A09FB8DF7DC}
		{1CB93B3E-5BBC-48EC-B5E6-261C68F8700C} = {05DFC8DB-FBB9-4EFC-A261-4644AAE8051C}
		{707038B7-7926-40A6-972F-AF5FF8C33CA3} = {05DFC8DB-FBB9-4EFC-A261-4644AAE8051C}
		{FC6257FA-78B6-41D5-BE5E-2E4402D3F91D} = {E3F5860B-BB8F-4C17-9D45-7AB8842A57D6}
		{D768EA65-DA90-4D8C-B7B9-8B44F19B8ACA} = {463B1E23-4717-428C-9F65-FD4017143C60}
		{5DE27D83-8749-4FA7-BDE7-EC8D136FD259} = {463B1E23-4717-428C-9F65-FD4017143C60}
		{2F6D9892-460D-4BB0-AF95-5AA456F6677B} = {4A46073A-6ED7-4482-8C92-FEF74E0AA102}
		{232B1D1C-AFD8-44D1-8CF3-16275DCE4778} = {4A46073A-6ED7-4482-8C92-FEF74E0AA102}
	EndGlobalSection
	GlobalSection(ExtensibilityGlobals) = postSolution
		SolutionGuid = {14B998BE-F5A6-4BAC-B263-88EBD84F168F}
	EndGlobalSection
EndGlobal
