<?xml version="1.0" encoding="utf-8"?>
<Project ToolsVersion="4.0" xmlns="http://schemas.microsoft.com/developer/msbuild/2003">
  <ItemGroup>
    <Filter Include="Source Files">
      <UniqueIdentifier>{4FC737F1-C7A5-4376-A066-2A32D752A2FF}</UniqueIdentifier>
      <Extensions>cpp;c;cc;cxx;def;odl;idl;hpj;bat;asm;asmx</Extensions>
    </Filter>
    <Filter Include="Header Files">
      <UniqueIdentifier>{93995380-89BD-4b04-88EB-625FBE52EBFB}</UniqueIdentifier>
      <Extensions>h;hpp;hxx;hm;inl;inc;xsd</Extensions>
    </Filter>
    <Filter Include="Resource Files">
      <UniqueIdentifier>{67DA6AB6-F800-4c08-8B7A-83BB121AAD01}</UniqueIdentifier>
      <Extensions>rc;ico;cur;bmp;dlg;rc2;rct;bin;rgs;gif;jpg;jpeg;jpe;resx;tiff;tif;png;wav;mfcribbon-ms</Extensions>
    </Filter>
    <Filter Include="Driver Files">
      <UniqueIdentifier>{8E41214B-6785-4CFE-B992-037D68949A14}</UniqueIdentifier>
      <Extensions>inf;inv;inx;mof;mc;</Extensions>
    </Filter>
    <Filter Include="Asm">
      <UniqueIdentifier>{c7496fc5-1fa5-42c7-a350-a29e8c744d82}</UniqueIdentifier>
    </Filter>
  </ItemGroup>
  <ItemGroup>
    <Inf Include="HyperDriver.inf">
      <Filter>Driver Files</Filter>
    </Inf>
  </ItemGroup>
  <ItemGroup>
    <ClCompile Include="HyperDriver.c">
      <Filter>Source Files</Filter>
    </ClCompile>
    <ClCompile Include="VmxRoot.c">
      <Filter>Source Files</Filter>
    </ClCompile>
    <ClCompile Include="Cpu.c">
      <Filter>Source Files</Filter>
    </ClCompile>
    <ClCompile Include="InitVmx.c">
      <Filter>Source Files</Filter>
    </ClCompile>
    <ClCompile Include="Vmcs.c">
      <Filter>Source Files</Filter>
    </ClCompile>
    <ClCompile Include="VmExitHandlers.c">
      <Filter>Source Files</Filter>
    </ClCompile>
    <ClCompile Include="NTApi.c">
      <Filter>Source Files</Filter>
    </ClCompile>
    <ClCompile Include="ExitVmx.c">
      <Filter>Source Files</Filter>
    </ClCompile>
  </ItemGroup>
  <ItemGroup>
    <ClInclude Include="Globals.h">
      <Filter>Header Files</Filter>
    </ClInclude>
    <ClInclude Include="VmxRoot.h">
      <Filter>Header Files</Filter>
    </ClInclude>
    <ClInclude Include="Cpu.h">
      <Filter>Header Files</Filter>
    </ClInclude>
    <ClInclude Include="Msr.h">
      <Filter>Header Files</Filter>
    </ClInclude>
    <ClInclude Include="Asm\AsmOperations.h">
      <Filter>Asm</Filter>
    </ClInclude>
    <ClInclude Include="InitVmx.h">
      <Filter>Header Files</Filter>
    </ClInclude>
    <ClInclude Include="Vmcs.h">
      <Filter>Header Files</Filter>
    </ClInclude>
    <ClInclude Include="Segment.h">
      <Filter>Header Files</Filter>
    </ClInclude>
    <ClInclude Include="Asm\VmIntrinsics.h">
      <Filter>Asm</Filter>
    </ClInclude>
    <ClInclude Include="NTApi.h">
      <Filter>Header Files</Filter>
    </ClInclude>
    <ClInclude Include="VmExitHandlers.h">
      <Filter>Header Files</Filter>
    </ClInclude>
    <ClInclude Include="ExitVmx.h">
      <Filter>Header Files</Filter>
    </ClInclude>
  </ItemGroup>
  <ItemGroup>
    <MASM Include="Asm\AsmOperations.asm">
      <Filter>Asm</Filter>
    </MASM>
    <MASM Include="Asm\AsmVmIntrinsics.asm">
      <Filter>Asm</Filter>
    </MASM>
    <MASM Include="Asm\AsmVmExitHandler.asm">
      <Filter>Asm</Filter>
    </MASM>
  </ItemGroup>
</Project>